// !$*UTF8*$!
{
	archiveVersion = 1;
	classes = {
	};
	objectVersion = 56;
	objects = {

/* Begin PBXBuildFile section */
		44DBF4942A1DBE8A00A71EE6 /* AppDelegate.swift in Sources */ = {isa = PBXBuildFile; fileRef = 44DBF4932A1DBE8A00A71EE6 /* AppDelegate.swift */; };
		44DBF4962A1DBE8A00A71EE6 /* SceneDelegate.swift in Sources */ = {isa = PBXBuildFile; fileRef = 44DBF4952A1DBE8A00A71EE6 /* SceneDelegate.swift */; };
		44DBF49D2A1DBE8B00A71EE6 /* Assets.xcassets in Resources */ = {isa = PBXBuildFile; fileRef = 44DBF49C2A1DBE8B00A71EE6 /* Assets.xcassets */; };
		44DBF4A02A1DBE8B00A71EE6 /* LaunchScreen.storyboard in Resources */ = {isa = PBXBuildFile; fileRef = 44DBF49E2A1DBE8B00A71EE6 /* LaunchScreen.storyboard */; };
		44DBF4AF2A1DC1A200A71EE6 /* FirstWelcomeVC.swift in Sources */ = {isa = PBXBuildFile; fileRef = 44DBF4AE2A1DC1A200A71EE6 /* FirstWelcomeVC.swift */; };
		44DBF4B12A1DC1F000A71EE6 /* SecondWelcomeVC.swift in Sources */ = {isa = PBXBuildFile; fileRef = 44DBF4B02A1DC1F000A71EE6 /* SecondWelcomeVC.swift */; };
		44DBF4B52A1DD0C000A71EE6 /* MainVC.swift in Sources */ = {isa = PBXBuildFile; fileRef = 44DBF4B42A1DD0C000A71EE6 /* MainVC.swift */; };
		44DBF4B92A1DD3DF00A71EE6 /* Extension+UIColor.swift in Sources */ = {isa = PBXBuildFile; fileRef = 44DBF4B82A1DD3DF00A71EE6 /* Extension+UIColor.swift */; };
		44DBF4BE2A20189600A71EE6 /* CategoriesScrollView.swift in Sources */ = {isa = PBXBuildFile; fileRef = 44DBF4BD2A20189600A71EE6 /* CategoriesScrollView.swift */; };
		44DBF4C02A2025BE00A71EE6 /* CategoryView.swift in Sources */ = {isa = PBXBuildFile; fileRef = 44DBF4BF2A2025BE00A71EE6 /* CategoryView.swift */; };
		44DBF4C22A2165BF00A71EE6 /* MainCell.swift in Sources */ = {isa = PBXBuildFile; fileRef = 44DBF4C12A2165BF00A71EE6 /* MainCell.swift */; };
		44DBF4C42A2170A300A71EE6 /* ProductCell.swift in Sources */ = {isa = PBXBuildFile; fileRef = 44DBF4C32A2170A300A71EE6 /* ProductCell.swift */; };
		44DBF4C62A21734D00A71EE6 /* CallUsView.swift in Sources */ = {isa = PBXBuildFile; fileRef = 44DBF4C52A21734D00A71EE6 /* CallUsView.swift */; };
		44DBF4D02A28C6BF00A71EE6 /* GoogleService-Info.plist in Resources */ = {isa = PBXBuildFile; fileRef = 44DBF4CF2A28C6BF00A71EE6 /* GoogleService-Info.plist */; };
		44DBF4E42A28E2F900A71EE6 /* DatabaseManager.swift in Sources */ = {isa = PBXBuildFile; fileRef = 44DBF4E32A28E2F900A71EE6 /* DatabaseManager.swift */; };
		44DBF4E62A28E3D200A71EE6 /* Cake.swift in Sources */ = {isa = PBXBuildFile; fileRef = 44DBF4E52A28E3D200A71EE6 /* Cake.swift */; };
		44DBF4E82A28EA5B00A71EE6 /* MainViewViewModel.swift in Sources */ = {isa = PBXBuildFile; fileRef = 44DBF4E72A28EA5B00A71EE6 /* MainViewViewModel.swift */; };
		44DBF4EB2A2A951500A71EE6 /* SDWebImage in Frameworks */ = {isa = PBXBuildFile; productRef = 44DBF4EA2A2A951500A71EE6 /* SDWebImage */; };
		44DBF4EF2A3B5A6F00A71EE6 /* SideMenuView.swift in Sources */ = {isa = PBXBuildFile; fileRef = 44DBF4EE2A3B5A6F00A71EE6 /* SideMenuView.swift */; };
		44DBF4F12A3B5C9700A71EE6 /* MenuItem.swift in Sources */ = {isa = PBXBuildFile; fileRef = 44DBF4F02A3B5C9700A71EE6 /* MenuItem.swift */; };
		44DBF4F62A3B5E4600A71EE6 /* SideMenuCell.swift in Sources */ = {isa = PBXBuildFile; fileRef = 44DBF4F52A3B5E4600A71EE6 /* SideMenuCell.swift */; };
		44DBF4FA2A3FBAE000A71EE6 /* Extension+UIImage.swift in Sources */ = {isa = PBXBuildFile; fileRef = 44DBF4F92A3FBAE000A71EE6 /* Extension+UIImage.swift */; };
		44DBF4FC2A425E3C00A71EE6 /* ProfileVC.swift in Sources */ = {isa = PBXBuildFile; fileRef = 44DBF4FB2A425E3C00A71EE6 /* ProfileVC.swift */; };
		44DBF4FE2A425E4900A71EE6 /* AboutVC.swift in Sources */ = {isa = PBXBuildFile; fileRef = 44DBF4FD2A425E4900A71EE6 /* AboutVC.swift */; };
		44DBF5002A426A9400A71EE6 /* FavoriteVC.swift in Sources */ = {isa = PBXBuildFile; fileRef = 44DBF4FF2A426A9400A71EE6 /* FavoriteVC.swift */; };
		44DBF5022A426E6B00A71EE6 /* BasketVC.swift in Sources */ = {isa = PBXBuildFile; fileRef = 44DBF5012A426E6B00A71EE6 /* BasketVC.swift */; };
		44DBF5052A4274DF00A71EE6 /* FirebaseAuth in Frameworks */ = {isa = PBXBuildFile; productRef = 44DBF5042A4274DF00A71EE6 /* FirebaseAuth */; };
		44DBF5072A4274DF00A71EE6 /* FirebaseAuthCombine-Community in Frameworks */ = {isa = PBXBuildFile; productRef = 44DBF5062A4274DF00A71EE6 /* FirebaseAuthCombine-Community */; };
		44DBF5092A4274DF00A71EE6 /* FirebaseDatabase in Frameworks */ = {isa = PBXBuildFile; productRef = 44DBF5082A4274DF00A71EE6 /* FirebaseDatabase */; };
		44DBF50B2A4274DF00A71EE6 /* FirebaseDatabaseSwift in Frameworks */ = {isa = PBXBuildFile; productRef = 44DBF50A2A4274DF00A71EE6 /* FirebaseDatabaseSwift */; };
		44DBF50D2A4274DF00A71EE6 /* FirebaseFirestore in Frameworks */ = {isa = PBXBuildFile; productRef = 44DBF50C2A4274DF00A71EE6 /* FirebaseFirestore */; };
		44DBF50F2A4274DF00A71EE6 /* FirebaseFirestoreCombine-Community in Frameworks */ = {isa = PBXBuildFile; productRef = 44DBF50E2A4274DF00A71EE6 /* FirebaseFirestoreCombine-Community */; };
		44DBF5112A4274DF00A71EE6 /* FirebaseFirestoreSwift in Frameworks */ = {isa = PBXBuildFile; productRef = 44DBF5102A4274DF00A71EE6 /* FirebaseFirestoreSwift */; };
		44DBF5132A4274DF00A71EE6 /* FirebaseStorage in Frameworks */ = {isa = PBXBuildFile; productRef = 44DBF5122A4274DF00A71EE6 /* FirebaseStorage */; };
		44DBF5152A4274DF00A71EE6 /* FirebaseStorageCombine-Community in Frameworks */ = {isa = PBXBuildFile; productRef = 44DBF5142A4274DF00A71EE6 /* FirebaseStorageCombine-Community */; };
		44DBF5182A42789300A71EE6 /* LogInVC.swift in Sources */ = {isa = PBXBuildFile; fileRef = 44DBF5172A42789300A71EE6 /* LogInVC.swift */; };
		44DBF51B2A427B8C00A71EE6 /* CustomTextField.swift in Sources */ = {isa = PBXBuildFile; fileRef = 44DBF51A2A427B8C00A71EE6 /* CustomTextField.swift */; };
		44DBF51D2A43313D00A71EE6 /* SignUpVC.swift in Sources */ = {isa = PBXBuildFile; fileRef = 44DBF51C2A43313D00A71EE6 /* SignUpVC.swift */; };
		44DBF51F2A43353800A71EE6 /* AuthViewViewModel.swift in Sources */ = {isa = PBXBuildFile; fileRef = 44DBF51E2A43353800A71EE6 /* AuthViewViewModel.swift */; };
		44DBF5212A43399500A71EE6 /* AuthManager.swift in Sources */ = {isa = PBXBuildFile; fileRef = 44DBF5202A43399500A71EE6 /* AuthManager.swift */; };
		44DBF5232A433BE400A71EE6 /* LirafUser.swift in Sources */ = {isa = PBXBuildFile; fileRef = 44DBF5222A433BE400A71EE6 /* LirafUser.swift */; };
		44DBF5252A4A561200A71EE6 /* OrdersVC.swift in Sources */ = {isa = PBXBuildFile; fileRef = 44DBF5242A4A561200A71EE6 /* OrdersVC.swift */; };
		44DBF5282A4B6A9B00A71EE6 /* ProfileCell.swift in Sources */ = {isa = PBXBuildFile; fileRef = 44DBF5272A4B6A9B00A71EE6 /* ProfileCell.swift */; };
		44DBF52C2A4B739C00A71EE6 /* ProfileViewViewModel.swift in Sources */ = {isa = PBXBuildFile; fileRef = 44DBF52B2A4B739C00A71EE6 /* ProfileViewViewModel.swift */; };
		44DBF52E2A4B7E8800A71EE6 /* DeleteAccountView.swift in Sources */ = {isa = PBXBuildFile; fileRef = 44DBF52D2A4B7E8800A71EE6 /* DeleteAccountView.swift */; };
		44DBF5962A56DEAB00A71EE6 /* ItemVC.swift in Sources */ = {isa = PBXBuildFile; fileRef = 44DBF5952A56DEAB00A71EE6 /* ItemVC.swift */; };
		44DBF5982A56DFF900A71EE6 /* ItemViewViewModel.swift in Sources */ = {isa = PBXBuildFile; fileRef = 44DBF5972A56DFF900A71EE6 /* ItemViewViewModel.swift */; };
		44DBF59B2A5EF41F00A71EE6 /* ProductTableCell.swift in Sources */ = {isa = PBXBuildFile; fileRef = 44DBF59A2A5EF41F00A71EE6 /* ProductTableCell.swift */; };
		44DBF59D2A6474A300A71EE6 /* FavoriteViewViewModel.swift in Sources */ = {isa = PBXBuildFile; fileRef = 44DBF59C2A6474A300A71EE6 /* FavoriteViewViewModel.swift */; };
		44DBF59F2A673E4300A71EE6 /* EmptyView.swift in Sources */ = {isa = PBXBuildFile; fileRef = 44DBF59E2A673E4300A71EE6 /* EmptyView.swift */; };
		44DBF5A32A6820E400A71EE6 /* BasketViewViewModel.swift in Sources */ = {isa = PBXBuildFile; fileRef = 44DBF5A22A6820E400A71EE6 /* BasketViewViewModel.swift */; };
		44DBF5A72A69D58A00A71EE6 /* BasketTableCell.swift in Sources */ = {isa = PBXBuildFile; fileRef = 44DBF5A62A69D58A00A71EE6 /* BasketTableCell.swift */; };
		44DBF5A92A69E4D700A71EE6 /* BasketCellViewViewModel.swift in Sources */ = {isa = PBXBuildFile; fileRef = 44DBF5A82A69E4D700A71EE6 /* BasketCellViewViewModel.swift */; };
/* End PBXBuildFile section */

/* Begin PBXFileReference section */
		44DBF4902A1DBE8A00A71EE6 /* Lifar.app */ = {isa = PBXFileReference; explicitFileType = wrapper.application; includeInIndex = 0; path = Lifar.app; sourceTree = BUILT_PRODUCTS_DIR; };
		44DBF4932A1DBE8A00A71EE6 /* AppDelegate.swift */ = {isa = PBXFileReference; lastKnownFileType = sourcecode.swift; path = AppDelegate.swift; sourceTree = "<group>"; };
		44DBF4952A1DBE8A00A71EE6 /* SceneDelegate.swift */ = {isa = PBXFileReference; lastKnownFileType = sourcecode.swift; path = SceneDelegate.swift; sourceTree = "<group>"; };
		44DBF49C2A1DBE8B00A71EE6 /* Assets.xcassets */ = {isa = PBXFileReference; lastKnownFileType = folder.assetcatalog; path = Assets.xcassets; sourceTree = "<group>"; };
		44DBF49F2A1DBE8B00A71EE6 /* Base */ = {isa = PBXFileReference; lastKnownFileType = file.storyboard; name = Base; path = Base.lproj/LaunchScreen.storyboard; sourceTree = "<group>"; };
		44DBF4A12A1DBE8B00A71EE6 /* Info.plist */ = {isa = PBXFileReference; lastKnownFileType = text.plist.xml; path = Info.plist; sourceTree = "<group>"; };
		44DBF4AE2A1DC1A200A71EE6 /* FirstWelcomeVC.swift */ = {isa = PBXFileReference; lastKnownFileType = sourcecode.swift; path = FirstWelcomeVC.swift; sourceTree = "<group>"; };
		44DBF4B02A1DC1F000A71EE6 /* SecondWelcomeVC.swift */ = {isa = PBXFileReference; lastKnownFileType = sourcecode.swift; path = SecondWelcomeVC.swift; sourceTree = "<group>"; };
		44DBF4B42A1DD0C000A71EE6 /* MainVC.swift */ = {isa = PBXFileReference; lastKnownFileType = sourcecode.swift; path = MainVC.swift; sourceTree = "<group>"; };
		44DBF4B82A1DD3DF00A71EE6 /* Extension+UIColor.swift */ = {isa = PBXFileReference; lastKnownFileType = sourcecode.swift; path = "Extension+UIColor.swift"; sourceTree = "<group>"; };
		44DBF4BD2A20189600A71EE6 /* CategoriesScrollView.swift */ = {isa = PBXFileReference; lastKnownFileType = sourcecode.swift; path = CategoriesScrollView.swift; sourceTree = "<group>"; };
		44DBF4BF2A2025BE00A71EE6 /* CategoryView.swift */ = {isa = PBXFileReference; lastKnownFileType = sourcecode.swift; path = CategoryView.swift; sourceTree = "<group>"; };
		44DBF4C12A2165BF00A71EE6 /* MainCell.swift */ = {isa = PBXFileReference; lastKnownFileType = sourcecode.swift; path = MainCell.swift; sourceTree = "<group>"; };
		44DBF4C32A2170A300A71EE6 /* ProductCell.swift */ = {isa = PBXFileReference; lastKnownFileType = sourcecode.swift; path = ProductCell.swift; sourceTree = "<group>"; };
		44DBF4C52A21734D00A71EE6 /* CallUsView.swift */ = {isa = PBXFileReference; lastKnownFileType = sourcecode.swift; path = CallUsView.swift; sourceTree = "<group>"; };
		44DBF4CF2A28C6BF00A71EE6 /* GoogleService-Info.plist */ = {isa = PBXFileReference; fileEncoding = 4; lastKnownFileType = text.plist.xml; path = "GoogleService-Info.plist"; sourceTree = "<group>"; };
		44DBF4E32A28E2F900A71EE6 /* DatabaseManager.swift */ = {isa = PBXFileReference; lastKnownFileType = sourcecode.swift; path = DatabaseManager.swift; sourceTree = "<group>"; };
		44DBF4E52A28E3D200A71EE6 /* Cake.swift */ = {isa = PBXFileReference; lastKnownFileType = sourcecode.swift; path = Cake.swift; sourceTree = "<group>"; };
		44DBF4E72A28EA5B00A71EE6 /* MainViewViewModel.swift */ = {isa = PBXFileReference; lastKnownFileType = sourcecode.swift; path = MainViewViewModel.swift; sourceTree = "<group>"; };
		44DBF4EE2A3B5A6F00A71EE6 /* SideMenuView.swift */ = {isa = PBXFileReference; lastKnownFileType = sourcecode.swift; path = SideMenuView.swift; sourceTree = "<group>"; };
		44DBF4F02A3B5C9700A71EE6 /* MenuItem.swift */ = {isa = PBXFileReference; lastKnownFileType = sourcecode.swift; path = MenuItem.swift; sourceTree = "<group>"; };
		44DBF4F52A3B5E4600A71EE6 /* SideMenuCell.swift */ = {isa = PBXFileReference; lastKnownFileType = sourcecode.swift; path = SideMenuCell.swift; sourceTree = "<group>"; };
		44DBF4F92A3FBAE000A71EE6 /* Extension+UIImage.swift */ = {isa = PBXFileReference; lastKnownFileType = sourcecode.swift; path = "Extension+UIImage.swift"; sourceTree = "<group>"; };
		44DBF4FB2A425E3C00A71EE6 /* ProfileVC.swift */ = {isa = PBXFileReference; lastKnownFileType = sourcecode.swift; path = ProfileVC.swift; sourceTree = "<group>"; };
		44DBF4FD2A425E4900A71EE6 /* AboutVC.swift */ = {isa = PBXFileReference; lastKnownFileType = sourcecode.swift; path = AboutVC.swift; sourceTree = "<group>"; };
		44DBF4FF2A426A9400A71EE6 /* FavoriteVC.swift */ = {isa = PBXFileReference; lastKnownFileType = sourcecode.swift; path = FavoriteVC.swift; sourceTree = "<group>"; };
		44DBF5012A426E6B00A71EE6 /* BasketVC.swift */ = {isa = PBXFileReference; lastKnownFileType = sourcecode.swift; path = BasketVC.swift; sourceTree = "<group>"; };
		44DBF5172A42789300A71EE6 /* LogInVC.swift */ = {isa = PBXFileReference; lastKnownFileType = sourcecode.swift; path = LogInVC.swift; sourceTree = "<group>"; };
		44DBF51A2A427B8C00A71EE6 /* CustomTextField.swift */ = {isa = PBXFileReference; lastKnownFileType = sourcecode.swift; path = CustomTextField.swift; sourceTree = "<group>"; };
		44DBF51C2A43313D00A71EE6 /* SignUpVC.swift */ = {isa = PBXFileReference; lastKnownFileType = sourcecode.swift; path = SignUpVC.swift; sourceTree = "<group>"; };
		44DBF51E2A43353800A71EE6 /* AuthViewViewModel.swift */ = {isa = PBXFileReference; lastKnownFileType = sourcecode.swift; path = AuthViewViewModel.swift; sourceTree = "<group>"; };
		44DBF5202A43399500A71EE6 /* AuthManager.swift */ = {isa = PBXFileReference; lastKnownFileType = sourcecode.swift; path = AuthManager.swift; sourceTree = "<group>"; };
		44DBF5222A433BE400A71EE6 /* LirafUser.swift */ = {isa = PBXFileReference; lastKnownFileType = sourcecode.swift; path = LirafUser.swift; sourceTree = "<group>"; };
		44DBF5242A4A561200A71EE6 /* OrdersVC.swift */ = {isa = PBXFileReference; lastKnownFileType = sourcecode.swift; path = OrdersVC.swift; sourceTree = "<group>"; };
		44DBF5272A4B6A9B00A71EE6 /* ProfileCell.swift */ = {isa = PBXFileReference; lastKnownFileType = sourcecode.swift; path = ProfileCell.swift; sourceTree = "<group>"; };
		44DBF52B2A4B739C00A71EE6 /* ProfileViewViewModel.swift */ = {isa = PBXFileReference; lastKnownFileType = sourcecode.swift; path = ProfileViewViewModel.swift; sourceTree = "<group>"; };
		44DBF52D2A4B7E8800A71EE6 /* DeleteAccountView.swift */ = {isa = PBXFileReference; lastKnownFileType = sourcecode.swift; path = DeleteAccountView.swift; sourceTree = "<group>"; };
		44DBF5952A56DEAB00A71EE6 /* ItemVC.swift */ = {isa = PBXFileReference; lastKnownFileType = sourcecode.swift; path = ItemVC.swift; sourceTree = "<group>"; };
		44DBF5972A56DFF900A71EE6 /* ItemViewViewModel.swift */ = {isa = PBXFileReference; lastKnownFileType = sourcecode.swift; path = ItemViewViewModel.swift; sourceTree = "<group>"; };
		44DBF59A2A5EF41F00A71EE6 /* ProductTableCell.swift */ = {isa = PBXFileReference; lastKnownFileType = sourcecode.swift; path = ProductTableCell.swift; sourceTree = "<group>"; };
		44DBF59C2A6474A300A71EE6 /* FavoriteViewViewModel.swift */ = {isa = PBXFileReference; lastKnownFileType = sourcecode.swift; path = FavoriteViewViewModel.swift; sourceTree = "<group>"; };
		44DBF59E2A673E4300A71EE6 /* EmptyView.swift */ = {isa = PBXFileReference; lastKnownFileType = sourcecode.swift; path = EmptyView.swift; sourceTree = "<group>"; };
		44DBF5A22A6820E400A71EE6 /* BasketViewViewModel.swift */ = {isa = PBXFileReference; lastKnownFileType = sourcecode.swift; path = BasketViewViewModel.swift; sourceTree = "<group>"; };
		44DBF5A62A69D58A00A71EE6 /* BasketTableCell.swift */ = {isa = PBXFileReference; lastKnownFileType = sourcecode.swift; path = BasketTableCell.swift; sourceTree = "<group>"; };
		44DBF5A82A69E4D700A71EE6 /* BasketCellViewViewModel.swift */ = {isa = PBXFileReference; lastKnownFileType = sourcecode.swift; path = BasketCellViewViewModel.swift; sourceTree = "<group>"; };
/* End PBXFileReference section */

/* Begin PBXFrameworksBuildPhase section */
		44DBF48D2A1DBE8A00A71EE6 /* Frameworks */ = {
			isa = PBXFrameworksBuildPhase;
			buildActionMask = 2147483647;
			files = (
				44DBF50B2A4274DF00A71EE6 /* FirebaseDatabaseSwift in Frameworks */,
				44DBF4EB2A2A951500A71EE6 /* SDWebImage in Frameworks */,
				44DBF5152A4274DF00A71EE6 /* FirebaseStorageCombine-Community in Frameworks */,
				44DBF5132A4274DF00A71EE6 /* FirebaseStorage in Frameworks */,
				44DBF5072A4274DF00A71EE6 /* FirebaseAuthCombine-Community in Frameworks */,
				44DBF5092A4274DF00A71EE6 /* FirebaseDatabase in Frameworks */,
				44DBF5052A4274DF00A71EE6 /* FirebaseAuth in Frameworks */,
				44DBF50D2A4274DF00A71EE6 /* FirebaseFirestore in Frameworks */,
				44DBF50F2A4274DF00A71EE6 /* FirebaseFirestoreCombine-Community in Frameworks */,
				44DBF5112A4274DF00A71EE6 /* FirebaseFirestoreSwift in Frameworks */,
			);
			runOnlyForDeploymentPostprocessing = 0;
		};
/* End PBXFrameworksBuildPhase section */

/* Begin PBXGroup section */
		44DBF4872A1DBE8A00A71EE6 = {
			isa = PBXGroup;
			children = (
				44DBF4922A1DBE8A00A71EE6 /* Lifar */,
				44DBF4912A1DBE8A00A71EE6 /* Products */,
			);
			sourceTree = "<group>";
		};
		44DBF4912A1DBE8A00A71EE6 /* Products */ = {
			isa = PBXGroup;
			children = (
				44DBF4902A1DBE8A00A71EE6 /* Lifar.app */,
			);
			name = Products;
			sourceTree = "<group>";
		};
		44DBF4922A1DBE8A00A71EE6 /* Lifar */ = {
			isa = PBXGroup;
			children = (
				44DBF4E02A28E2B800A71EE6 /* Managers */,
				44DBF4B72A1DD3C400A71EE6 /* Extensions */,
				44DBF4AA2A1DBFA700A71EE6 /* Models */,
				44DBF4A92A1DBF9E00A71EE6 /* ViewModels */,
				44DBF4A82A1DBF9700A71EE6 /* Views */,
				44DBF4A72A1DBF8C00A71EE6 /* Controllers */,
				44DBF4932A1DBE8A00A71EE6 /* AppDelegate.swift */,
				44DBF4952A1DBE8A00A71EE6 /* SceneDelegate.swift */,
				44DBF49C2A1DBE8B00A71EE6 /* Assets.xcassets */,
				44DBF49E2A1DBE8B00A71EE6 /* LaunchScreen.storyboard */,
				44DBF4A12A1DBE8B00A71EE6 /* Info.plist */,
				44DBF4CF2A28C6BF00A71EE6 /* GoogleService-Info.plist */,
			);
			path = Lifar;
			sourceTree = "<group>";
		};
		44DBF4A72A1DBF8C00A71EE6 /* Controllers */ = {
			isa = PBXGroup;
			children = (
				44DBF4B62A1DD0CF00A71EE6 /* Core */,
				44DBF4C92A25372E00A71EE6 /* General */,
			);
			path = Controllers;
			sourceTree = "<group>";
		};
		44DBF4A82A1DBF9700A71EE6 /* Views */ = {
			isa = PBXGroup;
			children = (
				44DBF5192A427B4600A71EE6 /* Onboarding */,
				44DBF4F32A3B5E1200A71EE6 /* Main */,
				44DBF4F22A3B5DD700A71EE6 /* Categories */,
				44DBF5A52A69D56C00A71EE6 /* Basket */,
				44DBF5A42A69D54200A71EE6 /* Favorite */,
				44DBF5262A4B6A5100A71EE6 /* Profile */,
				44DBF4F42A3B5E1F00A71EE6 /* SideMenu */,
			);
			path = Views;
			sourceTree = "<group>";
		};
		44DBF4A92A1DBF9E00A71EE6 /* ViewModels */ = {
			isa = PBXGroup;
			children = (
				44DBF4E72A28EA5B00A71EE6 /* MainViewViewModel.swift */,
				44DBF51E2A43353800A71EE6 /* AuthViewViewModel.swift */,
				44DBF52B2A4B739C00A71EE6 /* ProfileViewViewModel.swift */,
				44DBF5972A56DFF900A71EE6 /* ItemViewViewModel.swift */,
				44DBF59C2A6474A300A71EE6 /* FavoriteViewViewModel.swift */,
				44DBF5A22A6820E400A71EE6 /* BasketViewViewModel.swift */,
				44DBF5A82A69E4D700A71EE6 /* BasketCellViewViewModel.swift */,
			);
			path = ViewModels;
			sourceTree = "<group>";
		};
		44DBF4AA2A1DBFA700A71EE6 /* Models */ = {
			isa = PBXGroup;
			children = (
				44DBF4E52A28E3D200A71EE6 /* Cake.swift */,
				44DBF4F02A3B5C9700A71EE6 /* MenuItem.swift */,
				44DBF5222A433BE400A71EE6 /* LirafUser.swift */,
			);
			path = Models;
			sourceTree = "<group>";
		};
		44DBF4AD2A1DC18300A71EE6 /* Welcomes */ = {
			isa = PBXGroup;
			children = (
				44DBF4AE2A1DC1A200A71EE6 /* FirstWelcomeVC.swift */,
				44DBF4B02A1DC1F000A71EE6 /* SecondWelcomeVC.swift */,
			);
			path = Welcomes;
			sourceTree = "<group>";
		};
		44DBF4B62A1DD0CF00A71EE6 /* Core */ = {
			isa = PBXGroup;
			children = (
				44DBF4B42A1DD0C000A71EE6 /* MainVC.swift */,
				44DBF5952A56DEAB00A71EE6 /* ItemVC.swift */,
			);
			path = Core;
			sourceTree = "<group>";
		};
		44DBF4B72A1DD3C400A71EE6 /* Extensions */ = {
			isa = PBXGroup;
			children = (
				44DBF4B82A1DD3DF00A71EE6 /* Extension+UIColor.swift */,
				44DBF4F92A3FBAE000A71EE6 /* Extension+UIImage.swift */,
			);
			path = Extensions;
			sourceTree = "<group>";
		};
		44DBF4C92A25372E00A71EE6 /* General */ = {
			isa = PBXGroup;
			children = (
				44DBF5162A42787C00A71EE6 /* Onboarding */,
				44DBF4AD2A1DC18300A71EE6 /* Welcomes */,
				44DBF4FB2A425E3C00A71EE6 /* ProfileVC.swift */,
				44DBF5242A4A561200A71EE6 /* OrdersVC.swift */,
				44DBF4FF2A426A9400A71EE6 /* FavoriteVC.swift */,
				44DBF4FD2A425E4900A71EE6 /* AboutVC.swift */,
				44DBF5012A426E6B00A71EE6 /* BasketVC.swift */,
			);
			path = General;
			sourceTree = "<group>";
		};
		44DBF4E02A28E2B800A71EE6 /* Managers */ = {
			isa = PBXGroup;
			children = (
				44DBF4E32A28E2F900A71EE6 /* DatabaseManager.swift */,
				44DBF5202A43399500A71EE6 /* AuthManager.swift */,
			);
			path = Managers;
			sourceTree = "<group>";
		};
		44DBF4F22A3B5DD700A71EE6 /* Categories */ = {
			isa = PBXGroup;
			children = (
				44DBF4BD2A20189600A71EE6 /* CategoriesScrollView.swift */,
				44DBF4BF2A2025BE00A71EE6 /* CategoryView.swift */,
			);
			path = Categories;
			sourceTree = "<group>";
		};
		44DBF4F32A3B5E1200A71EE6 /* Main */ = {
			isa = PBXGroup;
			children = (
				44DBF4C12A2165BF00A71EE6 /* MainCell.swift */,
				44DBF4C32A2170A300A71EE6 /* ProductCell.swift */,
				44DBF4C52A21734D00A71EE6 /* CallUsView.swift */,
				44DBF59E2A673E4300A71EE6 /* EmptyView.swift */,
			);
			path = Main;
			sourceTree = "<group>";
		};
		44DBF4F42A3B5E1F00A71EE6 /* SideMenu */ = {
			isa = PBXGroup;
			children = (
				44DBF4EE2A3B5A6F00A71EE6 /* SideMenuView.swift */,
				44DBF4F52A3B5E4600A71EE6 /* SideMenuCell.swift */,
			);
			path = SideMenu;
			sourceTree = "<group>";
		};
		44DBF5162A42787C00A71EE6 /* Onboarding */ = {
			isa = PBXGroup;
			children = (
				44DBF5172A42789300A71EE6 /* LogInVC.swift */,
				44DBF51C2A43313D00A71EE6 /* SignUpVC.swift */,
			);
			path = Onboarding;
			sourceTree = "<group>";
		};
		44DBF5192A427B4600A71EE6 /* Onboarding */ = {
			isa = PBXGroup;
			children = (
				44DBF51A2A427B8C00A71EE6 /* CustomTextField.swift */,
			);
			path = Onboarding;
			sourceTree = "<group>";
		};
		44DBF5262A4B6A5100A71EE6 /* Profile */ = {
			isa = PBXGroup;
			children = (
				44DBF5272A4B6A9B00A71EE6 /* ProfileCell.swift */,
				44DBF52D2A4B7E8800A71EE6 /* DeleteAccountView.swift */,
			);
			path = Profile;
			sourceTree = "<group>";
		};
		44DBF5A42A69D54200A71EE6 /* Favorite */ = {
			isa = PBXGroup;
			children = (
				44DBF59A2A5EF41F00A71EE6 /* ProductTableCell.swift */,
			);
			path = Favorite;
			sourceTree = "<group>";
		};
		44DBF5A52A69D56C00A71EE6 /* Basket */ = {
			isa = PBXGroup;
			children = (
				44DBF5A62A69D58A00A71EE6 /* BasketTableCell.swift */,
			);
			path = Basket;
			sourceTree = "<group>";
		};
/* End PBXGroup section */

/* Begin PBXNativeTarget section */
		44DBF48F2A1DBE8A00A71EE6 /* Lifar */ = {
			isa = PBXNativeTarget;
			buildConfigurationList = 44DBF4A42A1DBE8B00A71EE6 /* Build configuration list for PBXNativeTarget "Lifar" */;
			buildPhases = (
				44DBF48C2A1DBE8A00A71EE6 /* Sources */,
				44DBF48D2A1DBE8A00A71EE6 /* Frameworks */,
				44DBF48E2A1DBE8A00A71EE6 /* Resources */,
			);
			buildRules = (
			);
			dependencies = (
			);
			name = Lifar;
			packageProductDependencies = (
				44DBF4EA2A2A951500A71EE6 /* SDWebImage */,
				44DBF5042A4274DF00A71EE6 /* FirebaseAuth */,
				44DBF5062A4274DF00A71EE6 /* FirebaseAuthCombine-Community */,
				44DBF5082A4274DF00A71EE6 /* FirebaseDatabase */,
				44DBF50A2A4274DF00A71EE6 /* FirebaseDatabaseSwift */,
				44DBF50C2A4274DF00A71EE6 /* FirebaseFirestore */,
				44DBF50E2A4274DF00A71EE6 /* FirebaseFirestoreCombine-Community */,
				44DBF5102A4274DF00A71EE6 /* FirebaseFirestoreSwift */,
				44DBF5122A4274DF00A71EE6 /* FirebaseStorage */,
				44DBF5142A4274DF00A71EE6 /* FirebaseStorageCombine-Community */,
			);
			productName = Lifar;
			productReference = 44DBF4902A1DBE8A00A71EE6 /* Lifar.app */;
			productType = "com.apple.product-type.application";
		};
/* End PBXNativeTarget section */

/* Begin PBXProject section */
		44DBF4882A1DBE8A00A71EE6 /* Project object */ = {
			isa = PBXProject;
			attributes = {
				BuildIndependentTargetsInParallel = 1;
				LastSwiftUpdateCheck = 1430;
				LastUpgradeCheck = 1430;
				TargetAttributes = {
					44DBF48F2A1DBE8A00A71EE6 = {
						CreatedOnToolsVersion = 14.3;
					};
				};
			};
			buildConfigurationList = 44DBF48B2A1DBE8A00A71EE6 /* Build configuration list for PBXProject "Lifar" */;
			compatibilityVersion = "Xcode 14.0";
			developmentRegion = en;
			hasScannedForEncodings = 0;
			knownRegions = (
				en,
				Base,
			);
			mainGroup = 44DBF4872A1DBE8A00A71EE6;
			packageReferences = (
				44DBF4E92A2A951500A71EE6 /* XCRemoteSwiftPackageReference "SDWebImage" */,
				44DBF5032A4274DF00A71EE6 /* XCRemoteSwiftPackageReference "firebase-ios-sdk" */,
			);
			productRefGroup = 44DBF4912A1DBE8A00A71EE6 /* Products */;
			projectDirPath = "";
			projectRoot = "";
			targets = (
				44DBF48F2A1DBE8A00A71EE6 /* Lifar */,
			);
		};
/* End PBXProject section */

/* Begin PBXResourcesBuildPhase section */
		44DBF48E2A1DBE8A00A71EE6 /* Resources */ = {
			isa = PBXResourcesBuildPhase;
			buildActionMask = 2147483647;
			files = (
				44DBF4A02A1DBE8B00A71EE6 /* LaunchScreen.storyboard in Resources */,
				44DBF49D2A1DBE8B00A71EE6 /* Assets.xcassets in Resources */,
				44DBF4D02A28C6BF00A71EE6 /* GoogleService-Info.plist in Resources */,
			);
			runOnlyForDeploymentPostprocessing = 0;
		};
/* End PBXResourcesBuildPhase section */

/* Begin PBXSourcesBuildPhase section */
		44DBF48C2A1DBE8A00A71EE6 /* Sources */ = {
			isa = PBXSourcesBuildPhase;
			buildActionMask = 2147483647;
			files = (
				44DBF4AF2A1DC1A200A71EE6 /* FirstWelcomeVC.swift in Sources */,
				44DBF5A92A69E4D700A71EE6 /* BasketCellViewViewModel.swift in Sources */,
				44DBF4E62A28E3D200A71EE6 /* Cake.swift in Sources */,
				44DBF52C2A4B739C00A71EE6 /* ProfileViewViewModel.swift in Sources */,
				44DBF5022A426E6B00A71EE6 /* BasketVC.swift in Sources */,
				44DBF4E82A28EA5B00A71EE6 /* MainViewViewModel.swift in Sources */,
				44DBF4FC2A425E3C00A71EE6 /* ProfileVC.swift in Sources */,
				44DBF4942A1DBE8A00A71EE6 /* AppDelegate.swift in Sources */,
				44DBF4B12A1DC1F000A71EE6 /* SecondWelcomeVC.swift in Sources */,
				44DBF5252A4A561200A71EE6 /* OrdersVC.swift in Sources */,
				44DBF4C62A21734D00A71EE6 /* CallUsView.swift in Sources */,
				44DBF5282A4B6A9B00A71EE6 /* ProfileCell.swift in Sources */,
				44DBF4962A1DBE8A00A71EE6 /* SceneDelegate.swift in Sources */,
				44DBF4BE2A20189600A71EE6 /* CategoriesScrollView.swift in Sources */,
				44DBF52E2A4B7E8800A71EE6 /* DeleteAccountView.swift in Sources */,
				44DBF5212A43399500A71EE6 /* AuthManager.swift in Sources */,
				44DBF5232A433BE400A71EE6 /* LirafUser.swift in Sources */,
				44DBF5962A56DEAB00A71EE6 /* ItemVC.swift in Sources */,
				44DBF5A32A6820E400A71EE6 /* BasketViewViewModel.swift in Sources */,
				44DBF4B52A1DD0C000A71EE6 /* MainVC.swift in Sources */,
				44DBF4C02A2025BE00A71EE6 /* CategoryView.swift in Sources */,
				44DBF5A72A69D58A00A71EE6 /* BasketTableCell.swift in Sources */,
				44DBF4E42A28E2F900A71EE6 /* DatabaseManager.swift in Sources */,
				44DBF51F2A43353800A71EE6 /* AuthViewViewModel.swift in Sources */,
				44DBF51D2A43313D00A71EE6 /* SignUpVC.swift in Sources */,
				44DBF4C42A2170A300A71EE6 /* ProductCell.swift in Sources */,
				44DBF4EF2A3B5A6F00A71EE6 /* SideMenuView.swift in Sources */,
				44DBF4F12A3B5C9700A71EE6 /* MenuItem.swift in Sources */,
				44DBF59D2A6474A300A71EE6 /* FavoriteViewViewModel.swift in Sources */,
				44DBF59F2A673E4300A71EE6 /* EmptyView.swift in Sources */,
				44DBF4B92A1DD3DF00A71EE6 /* Extension+UIColor.swift in Sources */,
				44DBF4FE2A425E4900A71EE6 /* AboutVC.swift in Sources */,
				44DBF4FA2A3FBAE000A71EE6 /* Extension+UIImage.swift in Sources */,
				44DBF59B2A5EF41F00A71EE6 /* ProductTableCell.swift in Sources */,
				44DBF5982A56DFF900A71EE6 /* ItemViewViewModel.swift in Sources */,
				44DBF4C22A2165BF00A71EE6 /* MainCell.swift in Sources */,
				44DBF51B2A427B8C00A71EE6 /* CustomTextField.swift in Sources */,
				44DBF5002A426A9400A71EE6 /* FavoriteVC.swift in Sources */,
				44DBF4F62A3B5E4600A71EE6 /* SideMenuCell.swift in Sources */,
				44DBF5182A42789300A71EE6 /* LogInVC.swift in Sources */,
			);
			runOnlyForDeploymentPostprocessing = 0;
		};
/* End PBXSourcesBuildPhase section */

/* Begin PBXVariantGroup section */
		44DBF49E2A1DBE8B00A71EE6 /* LaunchScreen.storyboard */ = {
			isa = PBXVariantGroup;
			children = (
				44DBF49F2A1DBE8B00A71EE6 /* Base */,
			);
			name = LaunchScreen.storyboard;
			sourceTree = "<group>";
		};
/* End PBXVariantGroup section */

/* Begin XCBuildConfiguration section */
		44DBF4A22A1DBE8B00A71EE6 /* Debug */ = {
			isa = XCBuildConfiguration;
			buildSettings = {
				ALWAYS_SEARCH_USER_PATHS = NO;
				CLANG_ANALYZER_NONNULL = YES;
				CLANG_ANALYZER_NUMBER_OBJECT_CONVERSION = YES_AGGRESSIVE;
				CLANG_CXX_LANGUAGE_STANDARD = "gnu++20";
				CLANG_ENABLE_MODULES = YES;
				CLANG_ENABLE_OBJC_ARC = YES;
				CLANG_ENABLE_OBJC_WEAK = YES;
				CLANG_WARN_BLOCK_CAPTURE_AUTORELEASING = YES;
				CLANG_WARN_BOOL_CONVERSION = YES;
				CLANG_WARN_COMMA = YES;
				CLANG_WARN_CONSTANT_CONVERSION = YES;
				CLANG_WARN_DEPRECATED_OBJC_IMPLEMENTATIONS = YES;
				CLANG_WARN_DIRECT_OBJC_ISA_USAGE = YES_ERROR;
				CLANG_WARN_DOCUMENTATION_COMMENTS = YES;
				CLANG_WARN_EMPTY_BODY = YES;
				CLANG_WARN_ENUM_CONVERSION = YES;
				CLANG_WARN_INFINITE_RECURSION = YES;
				CLANG_WARN_INT_CONVERSION = YES;
				CLANG_WARN_NON_LITERAL_NULL_CONVERSION = YES;
				CLANG_WARN_OBJC_IMPLICIT_RETAIN_SELF = YES;
				CLANG_WARN_OBJC_LITERAL_CONVERSION = YES;
				CLANG_WARN_OBJC_ROOT_CLASS = YES_ERROR;
				CLANG_WARN_QUOTED_INCLUDE_IN_FRAMEWORK_HEADER = YES;
				CLANG_WARN_RANGE_LOOP_ANALYSIS = YES;
				CLANG_WARN_STRICT_PROTOTYPES = YES;
				CLANG_WARN_SUSPICIOUS_MOVE = YES;
				CLANG_WARN_UNGUARDED_AVAILABILITY = YES_AGGRESSIVE;
				CLANG_WARN_UNREACHABLE_CODE = YES;
				CLANG_WARN__DUPLICATE_METHOD_MATCH = YES;
				COPY_PHASE_STRIP = NO;
				DEBUG_INFORMATION_FORMAT = dwarf;
				ENABLE_STRICT_OBJC_MSGSEND = YES;
				ENABLE_TESTABILITY = YES;
				GCC_C_LANGUAGE_STANDARD = gnu11;
				GCC_DYNAMIC_NO_PIC = NO;
				GCC_NO_COMMON_BLOCKS = YES;
				GCC_OPTIMIZATION_LEVEL = 0;
				GCC_PREPROCESSOR_DEFINITIONS = (
					"DEBUG=1",
					"$(inherited)",
				);
				GCC_WARN_64_TO_32_BIT_CONVERSION = YES;
				GCC_WARN_ABOUT_RETURN_TYPE = YES_ERROR;
				GCC_WARN_UNDECLARED_SELECTOR = YES;
				GCC_WARN_UNINITIALIZED_AUTOS = YES_AGGRESSIVE;
				GCC_WARN_UNUSED_FUNCTION = YES;
				GCC_WARN_UNUSED_VARIABLE = YES;
				IPHONEOS_DEPLOYMENT_TARGET = 16.4;
				MTL_ENABLE_DEBUG_INFO = INCLUDE_SOURCE;
				MTL_FAST_MATH = YES;
				ONLY_ACTIVE_ARCH = YES;
				SDKROOT = iphoneos;
				SWIFT_ACTIVE_COMPILATION_CONDITIONS = DEBUG;
				SWIFT_OPTIMIZATION_LEVEL = "-Onone";
			};
			name = Debug;
		};
		44DBF4A32A1DBE8B00A71EE6 /* Release */ = {
			isa = XCBuildConfiguration;
			buildSettings = {
				ALWAYS_SEARCH_USER_PATHS = NO;
				CLANG_ANALYZER_NONNULL = YES;
				CLANG_ANALYZER_NUMBER_OBJECT_CONVERSION = YES_AGGRESSIVE;
				CLANG_CXX_LANGUAGE_STANDARD = "gnu++20";
				CLANG_ENABLE_MODULES = YES;
				CLANG_ENABLE_OBJC_ARC = YES;
				CLANG_ENABLE_OBJC_WEAK = YES;
				CLANG_WARN_BLOCK_CAPTURE_AUTORELEASING = YES;
				CLANG_WARN_BOOL_CONVERSION = YES;
				CLANG_WARN_COMMA = YES;
				CLANG_WARN_CONSTANT_CONVERSION = YES;
				CLANG_WARN_DEPRECATED_OBJC_IMPLEMENTATIONS = YES;
				CLANG_WARN_DIRECT_OBJC_ISA_USAGE = YES_ERROR;
				CLANG_WARN_DOCUMENTATION_COMMENTS = YES;
				CLANG_WARN_EMPTY_BODY = YES;
				CLANG_WARN_ENUM_CONVERSION = YES;
				CLANG_WARN_INFINITE_RECURSION = YES;
				CLANG_WARN_INT_CONVERSION = YES;
				CLANG_WARN_NON_LITERAL_NULL_CONVERSION = YES;
				CLANG_WARN_OBJC_IMPLICIT_RETAIN_SELF = YES;
				CLANG_WARN_OBJC_LITERAL_CONVERSION = YES;
				CLANG_WARN_OBJC_ROOT_CLASS = YES_ERROR;
				CLANG_WARN_QUOTED_INCLUDE_IN_FRAMEWORK_HEADER = YES;
				CLANG_WARN_RANGE_LOOP_ANALYSIS = YES;
				CLANG_WARN_STRICT_PROTOTYPES = YES;
				CLANG_WARN_SUSPICIOUS_MOVE = YES;
				CLANG_WARN_UNGUARDED_AVAILABILITY = YES_AGGRESSIVE;
				CLANG_WARN_UNREACHABLE_CODE = YES;
				CLANG_WARN__DUPLICATE_METHOD_MATCH = YES;
				COPY_PHASE_STRIP = NO;
				DEBUG_INFORMATION_FORMAT = "dwarf-with-dsym";
				ENABLE_NS_ASSERTIONS = NO;
				ENABLE_STRICT_OBJC_MSGSEND = YES;
				GCC_C_LANGUAGE_STANDARD = gnu11;
				GCC_NO_COMMON_BLOCKS = YES;
				GCC_WARN_64_TO_32_BIT_CONVERSION = YES;
				GCC_WARN_ABOUT_RETURN_TYPE = YES_ERROR;
				GCC_WARN_UNDECLARED_SELECTOR = YES;
				GCC_WARN_UNINITIALIZED_AUTOS = YES_AGGRESSIVE;
				GCC_WARN_UNUSED_FUNCTION = YES;
				GCC_WARN_UNUSED_VARIABLE = YES;
				IPHONEOS_DEPLOYMENT_TARGET = 16.4;
				MTL_ENABLE_DEBUG_INFO = NO;
				MTL_FAST_MATH = YES;
				SDKROOT = iphoneos;
				SWIFT_COMPILATION_MODE = wholemodule;
				SWIFT_OPTIMIZATION_LEVEL = "-O";
				VALIDATE_PRODUCT = YES;
			};
			name = Release;
		};
		44DBF4A52A1DBE8B00A71EE6 /* Debug */ = {
			isa = XCBuildConfiguration;
			buildSettings = {
				ASSETCATALOG_COMPILER_APPICON_NAME = AppIcon;
				ASSETCATALOG_COMPILER_GLOBAL_ACCENT_COLOR_NAME = AccentColor;
				CODE_SIGN_STYLE = Automatic;
				CURRENT_PROJECT_VERSION = 1;
				DEVELOPMENT_TEAM = 3PN53MQP93;
				GENERATE_INFOPLIST_FILE = YES;
				INFOPLIST_FILE = Lifar/Info.plist;
				INFOPLIST_KEY_UIApplicationSupportsIndirectInputEvents = YES;
				INFOPLIST_KEY_UILaunchStoryboardName = LaunchScreen;
				INFOPLIST_KEY_UISupportedInterfaceOrientations_iPad = "UIInterfaceOrientationPortrait UIInterfaceOrientationPortraitUpsideDown UIInterfaceOrientationLandscapeLeft UIInterfaceOrientationLandscapeRight";
				INFOPLIST_KEY_UISupportedInterfaceOrientations_iPhone = "UIInterfaceOrientationPortrait UIInterfaceOrientationLandscapeLeft UIInterfaceOrientationLandscapeRight";
				LD_RUNPATH_SEARCH_PATHS = (
					"$(inherited)",
					"@executable_path/Frameworks",
				);
				MARKETING_VERSION = 1.0;
				PRODUCT_BUNDLE_IDENTIFIER = com.smakhtin.lifar;
				PRODUCT_NAME = "$(TARGET_NAME)";
				SWIFT_EMIT_LOC_STRINGS = YES;
				SWIFT_VERSION = 5.0;
				TARGETED_DEVICE_FAMILY = "1,2";
			};
			name = Debug;
		};
		44DBF4A62A1DBE8B00A71EE6 /* Release */ = {
			isa = XCBuildConfiguration;
			buildSettings = {
				ASSETCATALOG_COMPILER_APPICON_NAME = AppIcon;
				ASSETCATALOG_COMPILER_GLOBAL_ACCENT_COLOR_NAME = AccentColor;
				CODE_SIGN_STYLE = Automatic;
				CURRENT_PROJECT_VERSION = 1;
				DEVELOPMENT_TEAM = 3PN53MQP93;
				GENERATE_INFOPLIST_FILE = YES;
				INFOPLIST_FILE = Lifar/Info.plist;
				INFOPLIST_KEY_UIApplicationSupportsIndirectInputEvents = YES;
				INFOPLIST_KEY_UILaunchStoryboardName = LaunchScreen;
				INFOPLIST_KEY_UISupportedInterfaceOrientations_iPad = "UIInterfaceOrientationPortrait UIInterfaceOrientationPortraitUpsideDown UIInterfaceOrientationLandscapeLeft UIInterfaceOrientationLandscapeRight";
				INFOPLIST_KEY_UISupportedInterfaceOrientations_iPhone = "UIInterfaceOrientationPortrait UIInterfaceOrientationLandscapeLeft UIInterfaceOrientationLandscapeRight";
				LD_RUNPATH_SEARCH_PATHS = (
					"$(inherited)",
					"@executable_path/Frameworks",
				);
				MARKETING_VERSION = 1.0;
				PRODUCT_BUNDLE_IDENTIFIER = com.smakhtin.lifar;
				PRODUCT_NAME = "$(TARGET_NAME)";
				SWIFT_EMIT_LOC_STRINGS = YES;
				SWIFT_VERSION = 5.0;
				TARGETED_DEVICE_FAMILY = "1,2";
			};
			name = Release;
		};
/* End XCBuildConfiguration section */

/* Begin XCConfigurationList section */
		44DBF48B2A1DBE8A00A71EE6 /* Build configuration list for PBXProject "Lifar" */ = {
			isa = XCConfigurationList;
			buildConfigurations = (
				44DBF4A22A1DBE8B00A71EE6 /* Debug */,
				44DBF4A32A1DBE8B00A71EE6 /* Release */,
			);
			defaultConfigurationIsVisible = 0;
			defaultConfigurationName = Release;
		};
		44DBF4A42A1DBE8B00A71EE6 /* Build configuration list for PBXNativeTarget "Lifar" */ = {
			isa = XCConfigurationList;
			buildConfigurations = (
				44DBF4A52A1DBE8B00A71EE6 /* Debug */,
				44DBF4A62A1DBE8B00A71EE6 /* Release */,
			);
			defaultConfigurationIsVisible = 0;
			defaultConfigurationName = Release;
		};
/* End XCConfigurationList section */

/* Begin XCRemoteSwiftPackageReference section */
		44DBF4E92A2A951500A71EE6 /* XCRemoteSwiftPackageReference "SDWebImage" */ = {
			isa = XCRemoteSwiftPackageReference;
			repositoryURL = "https://github.com/SDWebImage/SDWebImage.git";
			requirement = {
				kind = upToNextMinorVersion;
				minimumVersion = 5.15.0;
			};
		};
		44DBF5032A4274DF00A71EE6 /* XCRemoteSwiftPackageReference "firebase-ios-sdk" */ = {
			isa = XCRemoteSwiftPackageReference;
			repositoryURL = "https://github.com/firebase/firebase-ios-sdk";
			requirement = {
				kind = upToNextMinorVersion;
				minimumVersion = 10.11.0;
			};
		};
/* End XCRemoteSwiftPackageReference section */

/* Begin XCSwiftPackageProductDependency section */
		44DBF4EA2A2A951500A71EE6 /* SDWebImage */ = {
			isa = XCSwiftPackageProductDependency;
			package = 44DBF4E92A2A951500A71EE6 /* XCRemoteSwiftPackageReference "SDWebImage" */;
			productName = SDWebImage;
		};
		44DBF5042A4274DF00A71EE6 /* FirebaseAuth */ = {
			isa = XCSwiftPackageProductDependency;
			package = 44DBF5032A4274DF00A71EE6 /* XCRemoteSwiftPackageReference "firebase-ios-sdk" */;
			productName = FirebaseAuth;
		};
		44DBF5062A4274DF00A71EE6 /* FirebaseAuthCombine-Community */ = {
			isa = XCSwiftPackageProductDependency;
			package = 44DBF5032A4274DF00A71EE6 /* XCRemoteSwiftPackageReference "firebase-ios-sdk" */;
			productName = "FirebaseAuthCombine-Community";
		};
		44DBF5082A4274DF00A71EE6 /* FirebaseDatabase */ = {
			isa = XCSwiftPackageProductDependency;
			package = 44DBF5032A4274DF00A71EE6 /* XCRemoteSwiftPackageReference "firebase-ios-sdk" */;
			productName = FirebaseDatabase;
		};
		44DBF50A2A4274DF00A71EE6 /* FirebaseDatabaseSwift */ = {
			isa = XCSwiftPackageProductDependency;
			package = 44DBF5032A4274DF00A71EE6 /* XCRemoteSwiftPackageReference "firebase-ios-sdk" */;
			productName = FirebaseDatabaseSwift;
		};
		44DBF50C2A4274DF00A71EE6 /* FirebaseFirestore */ = {
			isa = XCSwiftPackageProductDependency;
			package = 44DBF5032A4274DF00A71EE6 /* XCRemoteSwiftPackageReference "firebase-ios-sdk" */;
			productName = FirebaseFirestore;
		};
		44DBF50E2A4274DF00A71EE6 /* FirebaseFirestoreCombine-Community */ = {
			isa = XCSwiftPackageProductDependency;
			package = 44DBF5032A4274DF00A71EE6 /* XCRemoteSwiftPackageReference "firebase-ios-sdk" */;
			productName = "FirebaseFirestoreCombine-Community";
		};
		44DBF5102A4274DF00A71EE6 /* FirebaseFirestoreSwift */ = {
			isa = XCSwiftPackageProductDependency;
			package = 44DBF5032A4274DF00A71EE6 /* XCRemoteSwiftPackageReference "firebase-ios-sdk" */;
			productName = FirebaseFirestoreSwift;
		};
		44DBF5122A4274DF00A71EE6 /* FirebaseStorage */ = {
			isa = XCSwiftPackageProductDependency;
			package = 44DBF5032A4274DF00A71EE6 /* XCRemoteSwiftPackageReference "firebase-ios-sdk" */;
			productName = FirebaseStorage;
		};
		44DBF5142A4274DF00A71EE6 /* FirebaseStorageCombine-Community */ = {
			isa = XCSwiftPackageProductDependency;
			package = 44DBF5032A4274DF00A71EE6 /* XCRemoteSwiftPackageReference "firebase-ios-sdk" */;
			productName = "FirebaseStorageCombine-Community";
		};
/* End XCSwiftPackageProductDependency section */
	};
	rootObject = 44DBF4882A1DBE8A00A71EE6 /* Project object */;
}
